
Microsoft Visual Studio Solution File, Format Version 12.00
# Visual Studio Version 16
VisualStudioVersion = 16.0.29021.104
MinimumVisualStudioVersion = 10.0.40219.1
Project("{FAE04EC0-301F-11D3-BF4B-00C04F79EFBC}") = "HTTPSoapProxy", "HTTPSoapProxy\HTTPSoapProxy.csproj", "{E1A7F015-BD86-42CD-BEA8-F324A93D6D2D}"
EndProject
Global
	GlobalSection(SolutionConfigurationPlatforms) = preSolution
		Debug|Any CPU = Debug|Any CPU
		Release|Any CPU = Release|Any CPU
	EndGlobalSection
	GlobalSection(ProjectConfigurationPlatforms) = postSolution
		{E1A7F015-BD86-42CD-BEA8-F324A93D6D2D}.Debug|Any CPU.ActiveCfg = Debug|Any CPU
		{E1A7F015-BD86-42CD-BEA8-F324A93D6D2D}.Debug|Any CPU.Build.0 = Debug|Any CPU
		{E1A7F015-BD86-42CD-BEA8-F324A93D6D2D}.Release|Any CPU.ActiveCfg = Release|Any CPU
		{E1A7F015-BD86-42CD-BEA8-F324A93D6D2D}.Release|Any CPU.Build.0 = Release|Any CPU
	EndGlobalSection
	GlobalSection(SolutionProperties) = preSolution
		HideSolutionNode = FALSE
	EndGlobalSection
	GlobalSection(ExtensibilityGlobals) = postSolution
		SolutionGuid = {AFD28D0C-71BA-452F-8819-6CFA3135C46F}
	EndGlobalSection
EndGlobal
